// !$*UTF8*$!
{
	archiveVersion = 1;
	classes = {
	};
	objectVersion = 52;
	objects = {

/* Begin PBXBuildFile section */
		870DB2E7262486F400221D0B /* Assets.xcassets in Resources */ = {isa = PBXBuildFile; fileRef = 870DB2E1262486F300221D0B /* Assets.xcassets */; };
		870DB2E8262486F400221D0B /* SceneDelegate.swift in Sources */ = {isa = PBXBuildFile; fileRef = 870DB2E2262486F300221D0B /* SceneDelegate.swift */; };
		870DB2E9262486F400221D0B /* Base.lproj in Resources */ = {isa = PBXBuildFile; fileRef = 870DB2E3262486F400221D0B /* Base.lproj */; };
		870DB2EA262486F400221D0B /* ScanViewController.swift in Sources */ = {isa = PBXBuildFile; fileRef = 870DB2E4262486F400221D0B /* ScanViewController.swift */; };
		870DB2EB262486F400221D0B /* AppDelegate.swift in Sources */ = {isa = PBXBuildFile; fileRef = 870DB2E5262486F400221D0B /* AppDelegate.swift */; };
		876B11A3262495930086820C /* ValidCell.swift in Sources */ = {isa = PBXBuildFile; fileRef = 876B11A2262495930086820C /* ValidCell.swift */; };
		876B11AC262495B10086820C /* PersonCell.swift in Sources */ = {isa = PBXBuildFile; fileRef = 876B11AB262495B10086820C /* PersonCell.swift */; };
		876B11B1262495C20086820C /* VaccinationCell.swift in Sources */ = {isa = PBXBuildFile; fileRef = 876B11B0262495C20086820C /* VaccinationCell.swift */; };
		876B11B6262495DC0086820C /* PastInfectionCell.swift in Sources */ = {isa = PBXBuildFile; fileRef = 876B11B5262495DC0086820C /* PastInfectionCell.swift */; };
		876B11BB262495ED0086820C /* TestCell.swift in Sources */ = {isa = PBXBuildFile; fileRef = 876B11BA262495ED0086820C /* TestCell.swift */; };
		876B11CE262497E70086820C /* ValidationResultViewModel.swift in Sources */ = {isa = PBXBuildFile; fileRef = 876B11CD262497E70086820C /* ValidationResultViewModel.swift */; };
		876B11D32624984B0086820C /* CellViewModel.swift in Sources */ = {isa = PBXBuildFile; fileRef = 876B11D22624984B0086820C /* CellViewModel.swift */; };
		876B11D8262498A70086820C /* ValidCellViewModel.swift in Sources */ = {isa = PBXBuildFile; fileRef = 876B11D7262498A70086820C /* ValidCellViewModel.swift */; };
		876B11E026249E440086820C /* PersonCellViewModel.swift in Sources */ = {isa = PBXBuildFile; fileRef = 876B11DF26249E440086820C /* PersonCellViewModel.swift */; };
		876B11E526249F010086820C /* VaccinationCellViewModel.swift in Sources */ = {isa = PBXBuildFile; fileRef = 876B11E426249F010086820C /* VaccinationCellViewModel.swift */; };
		876B11EA26249F850086820C /* PastInfectionCellViewModel.swift in Sources */ = {isa = PBXBuildFile; fileRef = 876B11E926249F850086820C /* PastInfectionCellViewModel.swift */; };
		876B11EF2624A1340086820C /* TestCellViewModel.swift in Sources */ = {isa = PBXBuildFile; fileRef = 876B11EE2624A1340086820C /* TestCellViewModel.swift */; };
		8796C26B261D9EF300BAB830 /* ValidationAppTests.swift in Sources */ = {isa = PBXBuildFile; fileRef = 8796C26A261D9EF300BAB830 /* ValidationAppTests.swift */; };
		8796C276261D9EF300BAB830 /* ValidationAppUITests.swift in Sources */ = {isa = PBXBuildFile; fileRef = 8796C275261D9EF300BAB830 /* ValidationAppUITests.swift */; };
		8799429E263BE96F002DEBE3 /* ValidationCore in Frameworks */ = {isa = PBXBuildFile; productRef = 8799429D263BE96F002DEBE3 /* ValidationCore */; };
		879F9BCD262EEB1800A3E3CC /* MetainfoCellViewModel.swift in Sources */ = {isa = PBXBuildFile; fileRef = 879F9BCC262EEB1800A3E3CC /* MetainfoCellViewModel.swift */; };
		879F9BD2262EEBE900A3E3CC /* MetainfoCell.swift in Sources */ = {isa = PBXBuildFile; fileRef = 879F9BD1262EEBE900A3E3CC /* MetainfoCell.swift */; };
		87FE88B3262487D6003D9E8E /* Main.storyboard in Resources */ = {isa = PBXBuildFile; fileRef = 87FE88B2262487D6003D9E8E /* Main.storyboard */; };
		87FE88BB26248B06003D9E8E /* ValidationResult.storyboard in Resources */ = {isa = PBXBuildFile; fileRef = 87FE88BA26248B06003D9E8E /* ValidationResult.storyboard */; };
		87FE88C026248B48003D9E8E /* ValidationResultViewController.swift in Sources */ = {isa = PBXBuildFile; fileRef = 87FE88BF26248B48003D9E8E /* ValidationResultViewController.swift */; };
/* End PBXBuildFile section */

/* Begin PBXContainerItemProxy section */
		8796C267261D9EF300BAB830 /* PBXContainerItemProxy */ = {
			isa = PBXContainerItemProxy;
			containerPortal = 8796C24D261D9EF100BAB830 /* Project object */;
			proxyType = 1;
			remoteGlobalIDString = 8796C254261D9EF100BAB830;
			remoteInfo = ValidationApp;
		};
		8796C272261D9EF300BAB830 /* PBXContainerItemProxy */ = {
			isa = PBXContainerItemProxy;
			containerPortal = 8796C24D261D9EF100BAB830 /* Project object */;
			proxyType = 1;
			remoteGlobalIDString = 8796C254261D9EF100BAB830;
			remoteInfo = ValidationApp;
		};
/* End PBXContainerItemProxy section */

/* Begin PBXFileReference section */
		870DB2E0262486F300221D0B /* Info.plist */ = {isa = PBXFileReference; fileEncoding = 4; lastKnownFileType = text.plist.xml; path = Info.plist; sourceTree = "<group>"; };
		870DB2E1262486F300221D0B /* Assets.xcassets */ = {isa = PBXFileReference; lastKnownFileType = folder.assetcatalog; path = Assets.xcassets; sourceTree = "<group>"; };
		870DB2E2262486F300221D0B /* SceneDelegate.swift */ = {isa = PBXFileReference; fileEncoding = 4; lastKnownFileType = sourcecode.swift; path = SceneDelegate.swift; sourceTree = "<group>"; };
		870DB2E3262486F400221D0B /* Base.lproj */ = {isa = PBXFileReference; lastKnownFileType = folder; path = Base.lproj; sourceTree = "<group>"; };
		870DB2E4262486F400221D0B /* ScanViewController.swift */ = {isa = PBXFileReference; fileEncoding = 4; lastKnownFileType = sourcecode.swift; path = ScanViewController.swift; sourceTree = "<group>"; };
		870DB2E5262486F400221D0B /* AppDelegate.swift */ = {isa = PBXFileReference; fileEncoding = 4; lastKnownFileType = sourcecode.swift; path = AppDelegate.swift; sourceTree = "<group>"; };
		876B11A2262495930086820C /* ValidCell.swift */ = {isa = PBXFileReference; lastKnownFileType = sourcecode.swift; path = ValidCell.swift; sourceTree = "<group>"; };
		876B11AB262495B10086820C /* PersonCell.swift */ = {isa = PBXFileReference; lastKnownFileType = sourcecode.swift; path = PersonCell.swift; sourceTree = "<group>"; };
		876B11B0262495C20086820C /* VaccinationCell.swift */ = {isa = PBXFileReference; lastKnownFileType = sourcecode.swift; path = VaccinationCell.swift; sourceTree = "<group>"; };
		876B11B5262495DC0086820C /* PastInfectionCell.swift */ = {isa = PBXFileReference; lastKnownFileType = sourcecode.swift; path = PastInfectionCell.swift; sourceTree = "<group>"; };
		876B11BA262495ED0086820C /* TestCell.swift */ = {isa = PBXFileReference; lastKnownFileType = sourcecode.swift; path = TestCell.swift; sourceTree = "<group>"; };
		876B11CD262497E70086820C /* ValidationResultViewModel.swift */ = {isa = PBXFileReference; lastKnownFileType = sourcecode.swift; path = ValidationResultViewModel.swift; sourceTree = "<group>"; };
		876B11D22624984B0086820C /* CellViewModel.swift */ = {isa = PBXFileReference; lastKnownFileType = sourcecode.swift; path = CellViewModel.swift; sourceTree = "<group>"; };
		876B11D7262498A70086820C /* ValidCellViewModel.swift */ = {isa = PBXFileReference; lastKnownFileType = sourcecode.swift; path = ValidCellViewModel.swift; sourceTree = "<group>"; };
		876B11DF26249E440086820C /* PersonCellViewModel.swift */ = {isa = PBXFileReference; lastKnownFileType = sourcecode.swift; path = PersonCellViewModel.swift; sourceTree = "<group>"; };
		876B11E426249F010086820C /* VaccinationCellViewModel.swift */ = {isa = PBXFileReference; lastKnownFileType = sourcecode.swift; path = VaccinationCellViewModel.swift; sourceTree = "<group>"; };
		876B11E926249F850086820C /* PastInfectionCellViewModel.swift */ = {isa = PBXFileReference; lastKnownFileType = sourcecode.swift; path = PastInfectionCellViewModel.swift; sourceTree = "<group>"; };
		876B11EE2624A1340086820C /* TestCellViewModel.swift */ = {isa = PBXFileReference; lastKnownFileType = sourcecode.swift; path = TestCellViewModel.swift; sourceTree = "<group>"; };
		8796C255261D9EF100BAB830 /* ValidationApp.app */ = {isa = PBXFileReference; explicitFileType = wrapper.application; includeInIndex = 0; path = ValidationApp.app; sourceTree = BUILT_PRODUCTS_DIR; };
		8796C266261D9EF300BAB830 /* ValidationAppTests.xctest */ = {isa = PBXFileReference; explicitFileType = wrapper.cfbundle; includeInIndex = 0; path = ValidationAppTests.xctest; sourceTree = BUILT_PRODUCTS_DIR; };
		8796C26A261D9EF300BAB830 /* ValidationAppTests.swift */ = {isa = PBXFileReference; lastKnownFileType = sourcecode.swift; path = ValidationAppTests.swift; sourceTree = "<group>"; };
		8796C26C261D9EF300BAB830 /* Info.plist */ = {isa = PBXFileReference; lastKnownFileType = text.plist.xml; path = Info.plist; sourceTree = "<group>"; };
		8796C271261D9EF300BAB830 /* ValidationAppUITests.xctest */ = {isa = PBXFileReference; explicitFileType = wrapper.cfbundle; includeInIndex = 0; path = ValidationAppUITests.xctest; sourceTree = BUILT_PRODUCTS_DIR; };
		8796C275261D9EF300BAB830 /* ValidationAppUITests.swift */ = {isa = PBXFileReference; lastKnownFileType = sourcecode.swift; path = ValidationAppUITests.swift; sourceTree = "<group>"; };
		8796C277261D9EF300BAB830 /* Info.plist */ = {isa = PBXFileReference; lastKnownFileType = text.plist.xml; path = Info.plist; sourceTree = "<group>"; };
		8796C286261DA15900BAB830 /* ValidationCore */ = {isa = PBXFileReference; lastKnownFileType = folder; name = ValidationCore; path = ../ValidationCore; sourceTree = "<group>"; };
		879F9BCC262EEB1800A3E3CC /* MetainfoCellViewModel.swift */ = {isa = PBXFileReference; lastKnownFileType = sourcecode.swift; path = MetainfoCellViewModel.swift; sourceTree = "<group>"; };
		879F9BD1262EEBE900A3E3CC /* MetainfoCell.swift */ = {isa = PBXFileReference; lastKnownFileType = sourcecode.swift; path = MetainfoCell.swift; sourceTree = "<group>"; };
		87FE88B2262487D6003D9E8E /* Main.storyboard */ = {isa = PBXFileReference; lastKnownFileType = file.storyboard; path = Main.storyboard; sourceTree = "<group>"; };
		87FE88BA26248B06003D9E8E /* ValidationResult.storyboard */ = {isa = PBXFileReference; lastKnownFileType = file.storyboard; path = ValidationResult.storyboard; sourceTree = "<group>"; };
		87FE88BF26248B48003D9E8E /* ValidationResultViewController.swift */ = {isa = PBXFileReference; lastKnownFileType = sourcecode.swift; path = ValidationResultViewController.swift; sourceTree = "<group>"; };
/* End PBXFileReference section */

/* Begin PBXFrameworksBuildPhase section */
		8796C252261D9EF100BAB830 /* Frameworks */ = {
			isa = PBXFrameworksBuildPhase;
			buildActionMask = 2147483647;
			files = (
				8799429E263BE96F002DEBE3 /* ValidationCore in Frameworks */,
			);
			runOnlyForDeploymentPostprocessing = 0;
		};
		8796C263261D9EF300BAB830 /* Frameworks */ = {
			isa = PBXFrameworksBuildPhase;
			buildActionMask = 2147483647;
			files = (
			);
			runOnlyForDeploymentPostprocessing = 0;
		};
		8796C26E261D9EF300BAB830 /* Frameworks */ = {
			isa = PBXFrameworksBuildPhase;
			buildActionMask = 2147483647;
			files = (
			);
			runOnlyForDeploymentPostprocessing = 0;
		};
/* End PBXFrameworksBuildPhase section */

/* Begin PBXGroup section */
		876B11A72624959B0086820C /* Cells */ = {
			isa = PBXGroup;
			children = (
				876B11A2262495930086820C /* ValidCell.swift */,
				876B11D7262498A70086820C /* ValidCellViewModel.swift */,
				879F9BCC262EEB1800A3E3CC /* MetainfoCellViewModel.swift */,
				879F9BD1262EEBE900A3E3CC /* MetainfoCell.swift */,
				876B11AB262495B10086820C /* PersonCell.swift */,
				876B11DF26249E440086820C /* PersonCellViewModel.swift */,
				876B11B0262495C20086820C /* VaccinationCell.swift */,
				876B11E426249F010086820C /* VaccinationCellViewModel.swift */,
				876B11B5262495DC0086820C /* PastInfectionCell.swift */,
				876B11E926249F850086820C /* PastInfectionCellViewModel.swift */,
				876B11BA262495ED0086820C /* TestCell.swift */,
				876B11D22624984B0086820C /* CellViewModel.swift */,
				876B11EE2624A1340086820C /* TestCellViewModel.swift */,
			);
			path = Cells;
			sourceTree = "<group>";
		};
		8796C24C261D9EF100BAB830 = {
			isa = PBXGroup;
			children = (
				8796C286261DA15900BAB830 /* ValidationCore */,
				8796C257261D9EF100BAB830 /* ValidationApp */,
				8796C269261D9EF300BAB830 /* ValidationAppTests */,
				8796C274261D9EF300BAB830 /* ValidationAppUITests */,
				8796C256261D9EF100BAB830 /* Products */,
			);
			sourceTree = "<group>";
		};
		8796C256261D9EF100BAB830 /* Products */ = {
			isa = PBXGroup;
			children = (
				8796C255261D9EF100BAB830 /* ValidationApp.app */,
				8796C266261D9EF300BAB830 /* ValidationAppTests.xctest */,
				8796C271261D9EF300BAB830 /* ValidationAppUITests.xctest */,
			);
			name = Products;
			sourceTree = "<group>";
		};
		8796C257261D9EF100BAB830 /* ValidationApp */ = {
			isa = PBXGroup;
			children = (
				870DB2E5262486F400221D0B /* AppDelegate.swift */,
				870DB2E1262486F300221D0B /* Assets.xcassets */,
				870DB2E3262486F400221D0B /* Base.lproj */,
				870DB2E0262486F300221D0B /* Info.plist */,
				870DB2E2262486F300221D0B /* SceneDelegate.swift */,
				870DB2E4262486F400221D0B /* ScanViewController.swift */,
				87FE88B2262487D6003D9E8E /* Main.storyboard */,
				87FE88BA26248B06003D9E8E /* ValidationResult.storyboard */,
				87FE88BF26248B48003D9E8E /* ValidationResultViewController.swift */,
				876B11CD262497E70086820C /* ValidationResultViewModel.swift */,
				876B11A72624959B0086820C /* Cells */,
			);
			path = ValidationApp;
			sourceTree = "<group>";
		};
		8796C269261D9EF300BAB830 /* ValidationAppTests */ = {
			isa = PBXGroup;
			children = (
				8796C26A261D9EF300BAB830 /* ValidationAppTests.swift */,
				8796C26C261D9EF300BAB830 /* Info.plist */,
			);
			path = ValidationAppTests;
			sourceTree = "<group>";
		};
		8796C274261D9EF300BAB830 /* ValidationAppUITests */ = {
			isa = PBXGroup;
			children = (
				8796C275261D9EF300BAB830 /* ValidationAppUITests.swift */,
				8796C277261D9EF300BAB830 /* Info.plist */,
			);
			path = ValidationAppUITests;
			sourceTree = "<group>";
		};
/* End PBXGroup section */

/* Begin PBXNativeTarget section */
		8796C254261D9EF100BAB830 /* ValidationApp */ = {
			isa = PBXNativeTarget;
			buildConfigurationList = 8796C27A261D9EF300BAB830 /* Build configuration list for PBXNativeTarget "ValidationApp" */;
			buildPhases = (
				8796C251261D9EF100BAB830 /* Sources */,
				8796C252261D9EF100BAB830 /* Frameworks */,
				8796C253261D9EF100BAB830 /* Resources */,
			);
			buildRules = (
			);
			dependencies = (
			);
			name = ValidationApp;
			packageProductDependencies = (
				8799429D263BE96F002DEBE3 /* ValidationCore */,
			);
			productName = ValidationApp;
			productReference = 8796C255261D9EF100BAB830 /* ValidationApp.app */;
			productType = "com.apple.product-type.application";
		};
		8796C265261D9EF300BAB830 /* ValidationAppTests */ = {
			isa = PBXNativeTarget;
			buildConfigurationList = 8796C27D261D9EF300BAB830 /* Build configuration list for PBXNativeTarget "ValidationAppTests" */;
			buildPhases = (
				8796C262261D9EF300BAB830 /* Sources */,
				8796C263261D9EF300BAB830 /* Frameworks */,
				8796C264261D9EF300BAB830 /* Resources */,
			);
			buildRules = (
			);
			dependencies = (
				8796C268261D9EF300BAB830 /* PBXTargetDependency */,
			);
			name = ValidationAppTests;
			productName = ValidationAppTests;
			productReference = 8796C266261D9EF300BAB830 /* ValidationAppTests.xctest */;
			productType = "com.apple.product-type.bundle.unit-test";
		};
		8796C270261D9EF300BAB830 /* ValidationAppUITests */ = {
			isa = PBXNativeTarget;
			buildConfigurationList = 8796C280261D9EF300BAB830 /* Build configuration list for PBXNativeTarget "ValidationAppUITests" */;
			buildPhases = (
				8796C26D261D9EF300BAB830 /* Sources */,
				8796C26E261D9EF300BAB830 /* Frameworks */,
				8796C26F261D9EF300BAB830 /* Resources */,
			);
			buildRules = (
			);
			dependencies = (
				8796C273261D9EF300BAB830 /* PBXTargetDependency */,
			);
			name = ValidationAppUITests;
			productName = ValidationAppUITests;
			productReference = 8796C271261D9EF300BAB830 /* ValidationAppUITests.xctest */;
			productType = "com.apple.product-type.bundle.ui-testing";
		};
/* End PBXNativeTarget section */

/* Begin PBXProject section */
		8796C24D261D9EF100BAB830 /* Project object */ = {
			isa = PBXProject;
			attributes = {
				LastSwiftUpdateCheck = 1240;
				LastUpgradeCheck = 1240;
				TargetAttributes = {
					8796C254261D9EF100BAB830 = {
						CreatedOnToolsVersion = 12.4;
						LastSwiftMigration = 1240;
					};
					8796C265261D9EF300BAB830 = {
						CreatedOnToolsVersion = 12.4;
						TestTargetID = 8796C254261D9EF100BAB830;
					};
					8796C270261D9EF300BAB830 = {
						CreatedOnToolsVersion = 12.4;
						TestTargetID = 8796C254261D9EF100BAB830;
					};
				};
			};
			buildConfigurationList = 8796C250261D9EF100BAB830 /* Build configuration list for PBXProject "ValidationApp" */;
			compatibilityVersion = "Xcode 9.3";
			developmentRegion = en;
			hasScannedForEncodings = 0;
			knownRegions = (
				en,
				Base,
			);
			mainGroup = 8796C24C261D9EF100BAB830;
			packageReferences = (
				8799429C263BE96F002DEBE3 /* XCRemoteSwiftPackageReference "ValidationCore" */,
			);
			productRefGroup = 8796C256261D9EF100BAB830 /* Products */;
			projectDirPath = "";
			projectRoot = "";
			targets = (
				8796C254261D9EF100BAB830 /* ValidationApp */,
				8796C265261D9EF300BAB830 /* ValidationAppTests */,
				8796C270261D9EF300BAB830 /* ValidationAppUITests */,
			);
		};
/* End PBXProject section */

/* Begin PBXResourcesBuildPhase section */
		8796C253261D9EF100BAB830 /* Resources */ = {
			isa = PBXResourcesBuildPhase;
			buildActionMask = 2147483647;
			files = (
				87FE88BB26248B06003D9E8E /* ValidationResult.storyboard in Resources */,
				87FE88B3262487D6003D9E8E /* Main.storyboard in Resources */,
				870DB2E7262486F400221D0B /* Assets.xcassets in Resources */,
				870DB2E9262486F400221D0B /* Base.lproj in Resources */,
			);
			runOnlyForDeploymentPostprocessing = 0;
		};
		8796C264261D9EF300BAB830 /* Resources */ = {
			isa = PBXResourcesBuildPhase;
			buildActionMask = 2147483647;
			files = (
			);
			runOnlyForDeploymentPostprocessing = 0;
		};
		8796C26F261D9EF300BAB830 /* Resources */ = {
			isa = PBXResourcesBuildPhase;
			buildActionMask = 2147483647;
			files = (
			);
			runOnlyForDeploymentPostprocessing = 0;
		};
/* End PBXResourcesBuildPhase section */

/* Begin PBXSourcesBuildPhase section */
		8796C251261D9EF100BAB830 /* Sources */ = {
			isa = PBXSourcesBuildPhase;
			buildActionMask = 2147483647;
			files = (
				876B11AC262495B10086820C /* PersonCell.swift in Sources */,
				876B11EF2624A1340086820C /* TestCellViewModel.swift in Sources */,
				876B11B6262495DC0086820C /* PastInfectionCell.swift in Sources */,
				870DB2EB262486F400221D0B /* AppDelegate.swift in Sources */,
				870DB2EA262486F400221D0B /* ScanViewController.swift in Sources */,
				876B11BB262495ED0086820C /* TestCell.swift in Sources */,
				876B11E026249E440086820C /* PersonCellViewModel.swift in Sources */,
				876B11A3262495930086820C /* ValidCell.swift in Sources */,
				876B11D8262498A70086820C /* ValidCellViewModel.swift in Sources */,
				879F9BD2262EEBE900A3E3CC /* MetainfoCell.swift in Sources */,
				876B11CE262497E70086820C /* ValidationResultViewModel.swift in Sources */,
				876B11B1262495C20086820C /* VaccinationCell.swift in Sources */,
				876B11E526249F010086820C /* VaccinationCellViewModel.swift in Sources */,
				876B11EA26249F850086820C /* PastInfectionCellViewModel.swift in Sources */,
				879F9BCD262EEB1800A3E3CC /* MetainfoCellViewModel.swift in Sources */,
				87FE88C026248B48003D9E8E /* ValidationResultViewController.swift in Sources */,
				876B11D32624984B0086820C /* CellViewModel.swift in Sources */,
				870DB2E8262486F400221D0B /* SceneDelegate.swift in Sources */,
			);
			runOnlyForDeploymentPostprocessing = 0;
		};
		8796C262261D9EF300BAB830 /* Sources */ = {
			isa = PBXSourcesBuildPhase;
			buildActionMask = 2147483647;
			files = (
				8796C26B261D9EF300BAB830 /* ValidationAppTests.swift in Sources */,
			);
			runOnlyForDeploymentPostprocessing = 0;
		};
		8796C26D261D9EF300BAB830 /* Sources */ = {
			isa = PBXSourcesBuildPhase;
			buildActionMask = 2147483647;
			files = (
				8796C276261D9EF300BAB830 /* ValidationAppUITests.swift in Sources */,
			);
			runOnlyForDeploymentPostprocessing = 0;
		};
/* End PBXSourcesBuildPhase section */

/* Begin PBXTargetDependency section */
		8796C268261D9EF300BAB830 /* PBXTargetDependency */ = {
			isa = PBXTargetDependency;
			target = 8796C254261D9EF100BAB830 /* ValidationApp */;
			targetProxy = 8796C267261D9EF300BAB830 /* PBXContainerItemProxy */;
		};
		8796C273261D9EF300BAB830 /* PBXTargetDependency */ = {
			isa = PBXTargetDependency;
			target = 8796C254261D9EF100BAB830 /* ValidationApp */;
			targetProxy = 8796C272261D9EF300BAB830 /* PBXContainerItemProxy */;
		};
/* End PBXTargetDependency section */

/* Begin XCBuildConfiguration section */
		8796C278261D9EF300BAB830 /* Debug */ = {
			isa = XCBuildConfiguration;
			buildSettings = {
				ALWAYS_SEARCH_USER_PATHS = NO;
				CLANG_ANALYZER_NONNULL = YES;
				CLANG_ANALYZER_NUMBER_OBJECT_CONVERSION = YES_AGGRESSIVE;
				CLANG_CXX_LANGUAGE_STANDARD = "gnu++14";
				CLANG_CXX_LIBRARY = "libc++";
				CLANG_ENABLE_MODULES = YES;
				CLANG_ENABLE_OBJC_ARC = YES;
				CLANG_ENABLE_OBJC_WEAK = YES;
				CLANG_WARN_BLOCK_CAPTURE_AUTORELEASING = YES;
				CLANG_WARN_BOOL_CONVERSION = YES;
				CLANG_WARN_COMMA = YES;
				CLANG_WARN_CONSTANT_CONVERSION = YES;
				CLANG_WARN_DEPRECATED_OBJC_IMPLEMENTATIONS = YES;
				CLANG_WARN_DIRECT_OBJC_ISA_USAGE = YES_ERROR;
				CLANG_WARN_DOCUMENTATION_COMMENTS = YES;
				CLANG_WARN_EMPTY_BODY = YES;
				CLANG_WARN_ENUM_CONVERSION = YES;
				CLANG_WARN_INFINITE_RECURSION = YES;
				CLANG_WARN_INT_CONVERSION = YES;
				CLANG_WARN_NON_LITERAL_NULL_CONVERSION = YES;
				CLANG_WARN_OBJC_IMPLICIT_RETAIN_SELF = YES;
				CLANG_WARN_OBJC_LITERAL_CONVERSION = YES;
				CLANG_WARN_OBJC_ROOT_CLASS = YES_ERROR;
				CLANG_WARN_QUOTED_INCLUDE_IN_FRAMEWORK_HEADER = YES;
				CLANG_WARN_RANGE_LOOP_ANALYSIS = YES;
				CLANG_WARN_STRICT_PROTOTYPES = YES;
				CLANG_WARN_SUSPICIOUS_MOVE = YES;
				CLANG_WARN_UNGUARDED_AVAILABILITY = YES_AGGRESSIVE;
				CLANG_WARN_UNREACHABLE_CODE = YES;
				CLANG_WARN__DUPLICATE_METHOD_MATCH = YES;
				COPY_PHASE_STRIP = NO;
				DEBUG_INFORMATION_FORMAT = dwarf;
				ENABLE_STRICT_OBJC_MSGSEND = YES;
				ENABLE_TESTABILITY = YES;
				GCC_C_LANGUAGE_STANDARD = gnu11;
				GCC_DYNAMIC_NO_PIC = NO;
				GCC_NO_COMMON_BLOCKS = YES;
				GCC_OPTIMIZATION_LEVEL = 0;
				GCC_PREPROCESSOR_DEFINITIONS = (
					"DEBUG=1",
					"$(inherited)",
				);
				GCC_WARN_64_TO_32_BIT_CONVERSION = YES;
				GCC_WARN_ABOUT_RETURN_TYPE = YES_ERROR;
				GCC_WARN_UNDECLARED_SELECTOR = YES;
				GCC_WARN_UNINITIALIZED_AUTOS = YES_AGGRESSIVE;
				GCC_WARN_UNUSED_FUNCTION = YES;
				GCC_WARN_UNUSED_VARIABLE = YES;
				IPHONEOS_DEPLOYMENT_TARGET = 14.4;
				MTL_ENABLE_DEBUG_INFO = INCLUDE_SOURCE;
				MTL_FAST_MATH = YES;
				ONLY_ACTIVE_ARCH = YES;
				SDKROOT = iphoneos;
				SWIFT_ACTIVE_COMPILATION_CONDITIONS = DEBUG;
				SWIFT_OPTIMIZATION_LEVEL = "-Onone";
			};
			name = Debug;
		};
		8796C279261D9EF300BAB830 /* Release */ = {
			isa = XCBuildConfiguration;
			buildSettings = {
				ALWAYS_SEARCH_USER_PATHS = NO;
				CLANG_ANALYZER_NONNULL = YES;
				CLANG_ANALYZER_NUMBER_OBJECT_CONVERSION = YES_AGGRESSIVE;
				CLANG_CXX_LANGUAGE_STANDARD = "gnu++14";
				CLANG_CXX_LIBRARY = "libc++";
				CLANG_ENABLE_MODULES = YES;
				CLANG_ENABLE_OBJC_ARC = YES;
				CLANG_ENABLE_OBJC_WEAK = YES;
				CLANG_WARN_BLOCK_CAPTURE_AUTORELEASING = YES;
				CLANG_WARN_BOOL_CONVERSION = YES;
				CLANG_WARN_COMMA = YES;
				CLANG_WARN_CONSTANT_CONVERSION = YES;
				CLANG_WARN_DEPRECATED_OBJC_IMPLEMENTATIONS = YES;
				CLANG_WARN_DIRECT_OBJC_ISA_USAGE = YES_ERROR;
				CLANG_WARN_DOCUMENTATION_COMMENTS = YES;
				CLANG_WARN_EMPTY_BODY = YES;
				CLANG_WARN_ENUM_CONVERSION = YES;
				CLANG_WARN_INFINITE_RECURSION = YES;
				CLANG_WARN_INT_CONVERSION = YES;
				CLANG_WARN_NON_LITERAL_NULL_CONVERSION = YES;
				CLANG_WARN_OBJC_IMPLICIT_RETAIN_SELF = YES;
				CLANG_WARN_OBJC_LITERAL_CONVERSION = YES;
				CLANG_WARN_OBJC_ROOT_CLASS = YES_ERROR;
				CLANG_WARN_QUOTED_INCLUDE_IN_FRAMEWORK_HEADER = YES;
				CLANG_WARN_RANGE_LOOP_ANALYSIS = YES;
				CLANG_WARN_STRICT_PROTOTYPES = YES;
				CLANG_WARN_SUSPICIOUS_MOVE = YES;
				CLANG_WARN_UNGUARDED_AVAILABILITY = YES_AGGRESSIVE;
				CLANG_WARN_UNREACHABLE_CODE = YES;
				CLANG_WARN__DUPLICATE_METHOD_MATCH = YES;
				COPY_PHASE_STRIP = NO;
				DEBUG_INFORMATION_FORMAT = "dwarf-with-dsym";
				ENABLE_NS_ASSERTIONS = NO;
				ENABLE_STRICT_OBJC_MSGSEND = YES;
				GCC_C_LANGUAGE_STANDARD = gnu11;
				GCC_NO_COMMON_BLOCKS = YES;
				GCC_WARN_64_TO_32_BIT_CONVERSION = YES;
				GCC_WARN_ABOUT_RETURN_TYPE = YES_ERROR;
				GCC_WARN_UNDECLARED_SELECTOR = YES;
				GCC_WARN_UNINITIALIZED_AUTOS = YES_AGGRESSIVE;
				GCC_WARN_UNUSED_FUNCTION = YES;
				GCC_WARN_UNUSED_VARIABLE = YES;
				IPHONEOS_DEPLOYMENT_TARGET = 14.4;
				MTL_ENABLE_DEBUG_INFO = NO;
				MTL_FAST_MATH = YES;
				SDKROOT = iphoneos;
				SWIFT_COMPILATION_MODE = wholemodule;
				SWIFT_OPTIMIZATION_LEVEL = "-O";
				VALIDATE_PRODUCT = YES;
			};
			name = Release;
		};
		8796C27B261D9EF300BAB830 /* Debug */ = {
			isa = XCBuildConfiguration;
			buildSettings = {
				ASSETCATALOG_COMPILER_APPICON_NAME = "AppIcon-2";
				ASSETCATALOG_COMPILER_GLOBAL_ACCENT_COLOR_NAME = AccentColor;
				CLANG_ENABLE_MODULES = YES;
				CODE_SIGN_IDENTITY = "Apple Development";
				CODE_SIGN_STYLE = Automatic;
				CURRENT_PROJECT_VERSION = 6;
				DEVELOPMENT_ASSET_PATHS = "";
				DEVELOPMENT_TEAM = 9CYHJNG644;
				ENABLE_PREVIEWS = YES;
				INFOPLIST_FILE = "$(SRCROOT)/ValidationApp/Info.plist";
				IPHONEOS_DEPLOYMENT_TARGET = 14.0;
				LD_RUNPATH_SEARCH_PATHS = (
					"$(inherited)",
					"@executable_path/Frameworks",
				);
				MARKETING_VERSION = 0.1.5;
				PRODUCT_BUNDLE_IDENTIFIER = at.asitplus.ValidationApp;
				PRODUCT_NAME = "$(TARGET_NAME)";
				PROVISIONING_PROFILE_SPECIFIER = "";
				SWIFT_OPTIMIZATION_LEVEL = "-Onone";
				SWIFT_VERSION = 5.0;
				TARGETED_DEVICE_FAMILY = "1,2";
			};
			name = Debug;
		};
		8796C27C261D9EF300BAB830 /* Release */ = {
			isa = XCBuildConfiguration;
			buildSettings = {
				ASSETCATALOG_COMPILER_APPICON_NAME = "AppIcon-2";
				ASSETCATALOG_COMPILER_GLOBAL_ACCENT_COLOR_NAME = AccentColor;
				CLANG_ENABLE_MODULES = YES;
				CODE_SIGN_IDENTITY = "Apple Development";
				CODE_SIGN_STYLE = Automatic;
				CURRENT_PROJECT_VERSION = 6;
				DEVELOPMENT_ASSET_PATHS = "";
				DEVELOPMENT_TEAM = 9CYHJNG644;
				ENABLE_PREVIEWS = YES;
				INFOPLIST_FILE = "$(SRCROOT)/ValidationApp/Info.plist";
				IPHONEOS_DEPLOYMENT_TARGET = 14.0;
				LD_RUNPATH_SEARCH_PATHS = (
					"$(inherited)",
					"@executable_path/Frameworks",
				);
				MARKETING_VERSION = 0.1.5;
				PRODUCT_BUNDLE_IDENTIFIER = at.asitplus.ValidationApp;
				PRODUCT_NAME = "$(TARGET_NAME)";
				PROVISIONING_PROFILE_SPECIFIER = "";
				SWIFT_VERSION = 5.0;
				TARGETED_DEVICE_FAMILY = "1,2";
			};
			name = Release;
		};
		8796C27E261D9EF300BAB830 /* Debug */ = {
			isa = XCBuildConfiguration;
			buildSettings = {
				ALWAYS_EMBED_SWIFT_STANDARD_LIBRARIES = YES;
				BUNDLE_LOADER = "$(TEST_HOST)";
				CODE_SIGN_STYLE = Automatic;
				DEVELOPMENT_TEAM = 9CYHJNG644;
				INFOPLIST_FILE = ValidationAppTests/Info.plist;
				IPHONEOS_DEPLOYMENT_TARGET = 14.0;
				LD_RUNPATH_SEARCH_PATHS = (
					"$(inherited)",
					"@executable_path/Frameworks",
					"@loader_path/Frameworks",
				);
				PRODUCT_BUNDLE_IDENTIFIER = at.asitplus.ValidationAppTests;
				PRODUCT_NAME = "$(TARGET_NAME)";
				SWIFT_VERSION = 5.0;
				TARGETED_DEVICE_FAMILY = "1,2";
				TEST_HOST = "$(BUILT_PRODUCTS_DIR)/ValidationApp.app/ValidationApp";
			};
			name = Debug;
		};
		8796C27F261D9EF300BAB830 /* Release */ = {
			isa = XCBuildConfiguration;
			buildSettings = {
				ALWAYS_EMBED_SWIFT_STANDARD_LIBRARIES = YES;
				BUNDLE_LOADER = "$(TEST_HOST)";
				CODE_SIGN_STYLE = Automatic;
				DEVELOPMENT_TEAM = 9CYHJNG644;
				INFOPLIST_FILE = ValidationAppTests/Info.plist;
				IPHONEOS_DEPLOYMENT_TARGET = 14.0;
				LD_RUNPATH_SEARCH_PATHS = (
					"$(inherited)",
					"@executable_path/Frameworks",
					"@loader_path/Frameworks",
				);
				PRODUCT_BUNDLE_IDENTIFIER = at.asitplus.ValidationAppTests;
				PRODUCT_NAME = "$(TARGET_NAME)";
				SWIFT_VERSION = 5.0;
				TARGETED_DEVICE_FAMILY = "1,2";
				TEST_HOST = "$(BUILT_PRODUCTS_DIR)/ValidationApp.app/ValidationApp";
			};
			name = Release;
		};
		8796C281261D9EF300BAB830 /* Debug */ = {
			isa = XCBuildConfiguration;
			buildSettings = {
				ALWAYS_EMBED_SWIFT_STANDARD_LIBRARIES = YES;
				CODE_SIGN_STYLE = Automatic;
				DEVELOPMENT_TEAM = 9CYHJNG644;
				INFOPLIST_FILE = ValidationAppUITests/Info.plist;
				LD_RUNPATH_SEARCH_PATHS = (
					"$(inherited)",
					"@executable_path/Frameworks",
					"@loader_path/Frameworks",
				);
				PRODUCT_BUNDLE_IDENTIFIER = at.asitplus.ValidationAppUITests;
				PRODUCT_NAME = "$(TARGET_NAME)";
				SWIFT_VERSION = 5.0;
				TARGETED_DEVICE_FAMILY = "1,2";
				TEST_TARGET_NAME = ValidationApp;
			};
			name = Debug;
		};
		8796C282261D9EF300BAB830 /* Release */ = {
			isa = XCBuildConfiguration;
			buildSettings = {
				ALWAYS_EMBED_SWIFT_STANDARD_LIBRARIES = YES;
				CODE_SIGN_STYLE = Automatic;
				DEVELOPMENT_TEAM = 9CYHJNG644;
				INFOPLIST_FILE = ValidationAppUITests/Info.plist;
				LD_RUNPATH_SEARCH_PATHS = (
					"$(inherited)",
					"@executable_path/Frameworks",
					"@loader_path/Frameworks",
				);
				PRODUCT_BUNDLE_IDENTIFIER = at.asitplus.ValidationAppUITests;
				PRODUCT_NAME = "$(TARGET_NAME)";
				SWIFT_VERSION = 5.0;
				TARGETED_DEVICE_FAMILY = "1,2";
				TEST_TARGET_NAME = ValidationApp;
			};
			name = Release;
		};
/* End XCBuildConfiguration section */

/* Begin XCConfigurationList section */
		8796C250261D9EF100BAB830 /* Build configuration list for PBXProject "ValidationApp" */ = {
			isa = XCConfigurationList;
			buildConfigurations = (
				8796C278261D9EF300BAB830 /* Debug */,
				8796C279261D9EF300BAB830 /* Release */,
			);
			defaultConfigurationIsVisible = 0;
			defaultConfigurationName = Release;
		};
		8796C27A261D9EF300BAB830 /* Build configuration list for PBXNativeTarget "ValidationApp" */ = {
			isa = XCConfigurationList;
			buildConfigurations = (
				8796C27B261D9EF300BAB830 /* Debug */,
				8796C27C261D9EF300BAB830 /* Release */,
			);
			defaultConfigurationIsVisible = 0;
			defaultConfigurationName = Release;
		};
		8796C27D261D9EF300BAB830 /* Build configuration list for PBXNativeTarget "ValidationAppTests" */ = {
			isa = XCConfigurationList;
			buildConfigurations = (
				8796C27E261D9EF300BAB830 /* Debug */,
				8796C27F261D9EF300BAB830 /* Release */,
			);
			defaultConfigurationIsVisible = 0;
			defaultConfigurationName = Release;
		};
		8796C280261D9EF300BAB830 /* Build configuration list for PBXNativeTarget "ValidationAppUITests" */ = {
			isa = XCConfigurationList;
			buildConfigurations = (
				8796C281261D9EF300BAB830 /* Debug */,
				8796C282261D9EF300BAB830 /* Release */,
			);
			defaultConfigurationIsVisible = 0;
			defaultConfigurationName = Release;
		};
/* End XCConfigurationList section */

/* Begin XCRemoteSwiftPackageReference section */
		8799429C263BE96F002DEBE3 /* XCRemoteSwiftPackageReference "ValidationCore" */ = {
			isa = XCRemoteSwiftPackageReference;
			repositoryURL = "https://github.com/ehn-digital-green-development/ValidationCore";
			requirement = {
				branch = main;
				kind = branch;
			};
		};
/* End XCRemoteSwiftPackageReference section */

/* Begin XCSwiftPackageProductDependency section */
		8799429D263BE96F002DEBE3 /* ValidationCore */ = {
			isa = XCSwiftPackageProductDependency;
			package = 8799429C263BE96F002DEBE3 /* XCRemoteSwiftPackageReference "ValidationCore" */;
			productName = ValidationCore;
		};
/* End XCSwiftPackageProductDependency section */
	};
	rootObject = 8796C24D261D9EF100BAB830 /* Project object */;
}
